
Microsoft Visual Studio Solution File, Format Version 12.00
# Visual Studio Version 17
VisualStudioVersion = 17.3.32819.101
MinimumVisualStudioVersion = 10.0.40219.1
Project("{FAE04EC0-301F-11D3-BF4B-00C04F79EFBC}") = "InventoryDataManagement", "InventoryDataManagement.csproj", "{C201F173-5FA8-41F8-A9C1-016AE29A40F9}"
EndProject
Global
	GlobalSection(SolutionConfigurationPlatforms) = preSolution
		Debug|Any CPU = Debug|Any CPU
		Release|Any CPU = Release|Any CPU
	EndGlobalSection
	GlobalSection(ProjectConfigurationPlatforms) = postSolution
		{C201F173-5FA8-41F8-A9C1-016AE29A40F9}.Debug|Any CPU.ActiveCfg = Debug|Any CPU
		{C201F173-5FA8-41F8-A9C1-016AE29A40F9}.Debug|Any CPU.Build.0 = Debug|Any CPU
		{C201F173-5FA8-41F8-A9C1-016AE29A40F9}.Release|Any CPU.ActiveCfg = Release|Any CPU
		{C201F173-5FA8-41F8-A9C1-016AE29A40F9}.Release|Any CPU.Build.0 = Release|Any CPU
	EndGlobalSection
	GlobalSection(SolutionProperties) = preSolution
		HideSolutionNode = FALSE
	EndGlobalSection
	GlobalSection(ExtensibilityGlobals) = postSolution
		SolutionGuid = {05AB0415-E021-4489-8D6B-35760FF7E6C7}
	EndGlobalSection
EndGlobal
